{
  "name": "bon-in-a-box-pipeline-engine",
  "lockfileVersion": 2,
  "requires": true,
  "packages": {
    "": {
      "dependencies": {
        "@svar-ui/react-filemanager": "^2.6.0"
      }
    },
    "node_modules/@svar-ui/comments-locales": {
      "version": "2.6.0",
      "resolved": "https://registry.npmjs.org/@svar-ui/comments-locales/-/comments-locales-2.6.0.tgz",
      "integrity": "sha512-ctpmaE0BN2sXRc9MuCMzIut/2Piudnsxno7RoadJ8uIe3bZGRRSZfDW+kJ5pWgYmgdofLlWawTr3PCNjxt7R3w==",
      "license": "MIT"
    },
    "node_modules/@svar-ui/core-locales": {
      "version": "2.6.0",
      "resolved": "https://registry.npmjs.org/@svar-ui/core-locales/-/core-locales-2.6.0.tgz",
      "integrity": "sha512-Sma/BkR3we76Ix/67NmSh511yvtKVpi8LFK06ZbWSiC3xEsCSoKsJ5AtLmi8dxaXPa5HuCWI/jMwJsKRwQ0F2Q==",
      "license": "MIT"
    },
    "node_modules/@svar-ui/editor-locales": {
      "version": "2.6.0",
      "resolved": "https://registry.npmjs.org/@svar-ui/editor-locales/-/editor-locales-2.6.0.tgz",
      "integrity": "sha512-xgLLHMi1rvIor+X9u3JChNEkjztZZxpwfpsUocUBIZ07jKqu+h0a/4Vqyue9ZMq3gIq2oyo+HP5Q9Ydb44CrqQ==",
      "license": "MIT"
    },
    "node_modules/@svar-ui/filemanager-data-provider": {
      "version": "2.6.0",
      "resolved": "https://registry.npmjs.org/@svar-ui/filemanager-data-provider/-/filemanager-data-provider-2.6.0.tgz",
      "integrity": "sha512-H0cVpLblqPItF4zLmk1ZetTT7TDvE+sl2TVlQC3Wm3PzZrq32aSYfMDEoqliUWHaBRP2Lt1klSX9rPQGV2k8Sw==",
      "license": "MIT",
      "dependencies": {
        "@svar-ui/lib-data-provider": "1.7.1"
      }
    },
    "node_modules/@svar-ui/filemanager-locales": {
      "version": "2.6.0",
      "resolved": "https://registry.npmjs.org/@svar-ui/filemanager-locales/-/filemanager-locales-2.6.0.tgz",
      "integrity": "sha512-+gZPuAP2NUm3G/JPSCpd1pSS+VuFgSC1nu908xKk2KnwrU+NxIVUDvydMs0+P03AQPjcq0+ou3qwqK3OvrigSg==",
      "license": "MIT"
    },
    "node_modules/@svar-ui/filemanager-store": {
      "version": "2.6.0",
      "resolved": "https://registry.npmjs.org/@svar-ui/filemanager-store/-/filemanager-store-2.6.0.tgz",
      "integrity": "sha512-59fbDTpHDr7DzgXCTw+2aLLkVXR8Yg8Y5nMUImkuNf0ekD5eb0vfthwH8I2FqqhW3bupGfgGEFscRWTupBNq4w==",
      "license": "MIT",
      "dependencies": {
        "@svar-ui/lib-state": "1.9.7"
      }
    },
    "node_modules/@svar-ui/filter-locales": {
      "version": "2.6.0",
      "resolved": "https://registry.npmjs.org/@svar-ui/filter-locales/-/filter-locales-2.6.0.tgz",
      "integrity": "sha512-EQAadVLtpCMjch38T+EcgkX8GXt72MwT04DOSL0G4ZG2roTzgOEKsUV53tfZFiFyamUFnQRY2Hs9IEZApfHzLQ==",
      "license": "MIT"
    },
    "node_modules/@svar-ui/filter-store": {
      "version": "2.6.0",
      "resolved": "https://registry.npmjs.org/@svar-ui/filter-store/-/filter-store-2.6.0.tgz",
      "integrity": "sha512-IJzSTMSCyFDP5uF3ZskJODqeXQSn2v8bj8LCHEeCYv8lSVAWXis6iJ8ZBusf95OtV+omO5jpTe6ugZYZpaFTrA==",
      "license": "MIT",
      "dependencies": {
        "@svar-ui/lib-state": "1.9.6"
      }
    },
    "node_modules/@svar-ui/filter-store/node_modules/@svar-ui/lib-state": {
      "version": "1.9.6",
      "resolved": "https://registry.npmjs.org/@svar-ui/lib-state/-/lib-state-1.9.6.tgz",
      "integrity": "sha512-twoHa8wZvzdxtES68s6Wnp4Xi1WivScNaFFK6sJ6WDgqVYOzJw0ZhVVrdwHQgieLITTKl/DYh/U3nuqtMetKYw==",
      "license": "MIT"
    },
    "node_modules/@svar-ui/grid-data-provider": {
      "version": "2.7.0",
      "resolved": "https://registry.npmjs.org/@svar-ui/grid-data-provider/-/grid-data-provider-2.7.0.tgz",
      "integrity": "sha512-bLhxYwGVjWnC3NbvGeYoOJ3Kv7/qhbEIJeXZhwGQZLYEYUaYrkgmz2pCVmzSt2EfPLG4YlUMf3y+Afz0EoE86g==",
      "license": "MIT",
      "dependencies": {
        "@svar-ui/lib-data-provider": "1.7.2"
      }
    },
    "node_modules/@svar-ui/grid-data-provider/node_modules/@svar-ui/lib-data-provider": {
      "version": "1.7.2",
      "resolved": "https://registry.npmjs.org/@svar-ui/lib-data-provider/-/lib-data-provider-1.7.2.tgz",
      "integrity": "sha512-Od93Iiy0vBwVzgJm25WdizH3d4Xlli/HAA2kqoUj1pzeZ2SWBeFzvE59iihQz8NuIlfAtQJ6MMe168458T+2lQ==",
      "license": "MIT",
      "dependencies": {
        "@svar-ui/lib-state": "1.9.6"
      }
    },
    "node_modules/@svar-ui/grid-data-provider/node_modules/@svar-ui/lib-state": {
      "version": "1.9.6",
      "resolved": "https://registry.npmjs.org/@svar-ui/lib-state/-/lib-state-1.9.6.tgz",
      "integrity": "sha512-twoHa8wZvzdxtES68s6Wnp4Xi1WivScNaFFK6sJ6WDgqVYOzJw0ZhVVrdwHQgieLITTKl/DYh/U3nuqtMetKYw==",
      "license": "MIT"
    },
    "node_modules/@svar-ui/grid-locales": {
      "version": "2.7.0",
      "resolved": "https://registry.npmjs.org/@svar-ui/grid-locales/-/grid-locales-2.7.0.tgz",
      "integrity": "sha512-/y4aR6CEbIAsV2YTeLRPfGXTIKYBWqrKc485LN2xkT6jPilT5i1QST1BRn+S2ANC9p83MXCNVLJxAoR+3glsBw==",
      "license": "MIT"
    },
    "node_modules/@svar-ui/grid-store": {
      "version": "2.7.0",
      "resolved": "https://registry.npmjs.org/@svar-ui/grid-store/-/grid-store-2.7.0.tgz",
      "integrity": "sha512-m23KKQPuEyDfXiD+nLe7LCGX2+zRhbGUxIUzjAnInqhtjAM0HyhWsQpuZzzXhSdUyFYje5haStffUoK6rrpq6Q==",
      "license": "MIT",
      "dependencies": {
        "@svar-ui/lib-dom": "0.12.1",
        "@svar-ui/lib-state": "1.9.6"
      }
    },
    "node_modules/@svar-ui/grid-store/node_modules/@svar-ui/lib-dom": {
      "version": "0.12.1",
      "resolved": "https://registry.npmjs.org/@svar-ui/lib-dom/-/lib-dom-0.12.1.tgz",
      "integrity": "sha512-srvDleQqR6stBBDijCgzDHMFTTffI6sv3XCpNPKmurrnE83L1MDNqezqg6j3+0dUVPd4AAEGOez2DvK6byblTQ==",
      "license": "MIT"
    },
    "node_modules/@svar-ui/grid-store/node_modules/@svar-ui/lib-state": {
      "version": "1.9.6",
      "resolved": "https://registry.npmjs.org/@svar-ui/lib-state/-/lib-state-1.9.6.tgz",
      "integrity": "sha512-twoHa8wZvzdxtES68s6Wnp4Xi1WivScNaFFK6sJ6WDgqVYOzJw0ZhVVrdwHQgieLITTKl/DYh/U3nuqtMetKYw==",
      "license": "MIT"
    },
    "node_modules/@svar-ui/lib-data-provider": {
      "version": "1.7.1",
      "resolved": "https://registry.npmjs.org/@svar-ui/lib-data-provider/-/lib-data-provider-1.7.1.tgz",
      "integrity": "sha512-5Bi9ywngcMTKpGtan0s7q8ivd84Bp0ZnRP+5bLZg6oiRB7YMyN5D5X+apc3CWDAnG4zZn3en4YwS2qc/aHIIuQ==",
      "license": "MIT",
      "dependencies": {
        "@svar-ui/lib-state": "1.9.6"
      }
    },
    "node_modules/@svar-ui/lib-data-provider/node_modules/@svar-ui/lib-state": {
      "version": "1.9.6",
      "resolved": "https://registry.npmjs.org/@svar-ui/lib-state/-/lib-state-1.9.6.tgz",
      "integrity": "sha512-twoHa8wZvzdxtES68s6Wnp4Xi1WivScNaFFK6sJ6WDgqVYOzJw0ZhVVrdwHQgieLITTKl/DYh/U3nuqtMetKYw==",
      "license": "MIT"
    },
    "node_modules/@svar-ui/lib-dom": {
      "version": "0.13.1",
      "resolved": "https://registry.npmjs.org/@svar-ui/lib-dom/-/lib-dom-0.13.1.tgz",
      "integrity": "sha512-e9+RIEkppVkAUJqfHEr7KmiVXi3uf+qddr513h5mhgSx3PNYtG9eHwtI8OQf4JMc6Hvuu3y0iv+fL6jqE340yw==",
      "license": "MIT"
    },
    "node_modules/@svar-ui/lib-react": {
      "version": "1.3.0",
      "resolved": "https://registry.npmjs.org/@svar-ui/lib-react/-/lib-react-1.3.0.tgz",
      "integrity": "sha512-jVcREYAMAXOhZB/lbMmLteGKIZoUW3rzmoXCMcFLGcHIGUH7AjFrKOAG/SJvgV0grcG9XyuRTG3jp++6NIGtuw==",
      "license": "MIT",
      "dependencies": {
        "@svar-ui/lib-dom": "^0.12.1"
      }
    },
    "node_modules/@svar-ui/lib-react/node_modules/@svar-ui/lib-dom": {
      "version": "0.12.2",
      "resolved": "https://registry.npmjs.org/@svar-ui/lib-dom/-/lib-dom-0.12.2.tgz",
      "integrity": "sha512-tV9sJ7Xpedxf1dttTc8I190eqlP0UsassUw48uW3JuEQR0G3IRfmH53/X+mYEooc7bcpZDkzYukWEqJeEq9UlQ==",
      "license": "MIT"
    },
    "node_modules/@svar-ui/lib-state": {
      "version": "1.9.7",
      "resolved": "https://registry.npmjs.org/@svar-ui/lib-state/-/lib-state-1.9.7.tgz",
      "integrity": "sha512-nxRdk+54m1RJjGT2yDH7NjxAM5KECxA39kdTZezEIj1ixykyefssB9BrgxKy2jIseYxJMtd6lPZvQ3SZXuvn2g==",
      "license": "MIT"
    },
    "node_modules/@svar-ui/react-comments": {
      "version": "2.6.0",
      "resolved": "https://registry.npmjs.org/@svar-ui/react-comments/-/react-comments-2.6.0.tgz",
      "integrity": "sha512-58V9iqxC3RtRB4M37B9EE4c0RdZJ/VW5uA4yIIbuctdHOLbRDhp0WsVwBhQSMF16VXbxwDY5LL3v32TkPWRyZA==",
      "license": "MIT",
      "dependencies": {
        "@svar-ui/comments-locales": "2.6.0",
        "@svar-ui/core-locales": "2.6.0",
        "@svar-ui/lib-data-provider": "1.7.1",
        "@svar-ui/lib-dom": "0.13.1",
        "@svar-ui/lib-state": "1.9.7",
        "@svar-ui/react-core": "2.6.0",
        "@svar-ui/react-menu": "2.6.0"
      },
      "peerDependencies": {
        "react": ">=18",
        "react-dom": ">=18"
      }
    },
    "node_modules/@svar-ui/react-core": {
      "version": "2.6.0",
      "resolved": "https://registry.npmjs.org/@svar-ui/react-core/-/react-core-2.6.0.tgz",
      "integrity": "sha512-9y3SfwZjGDgMxfJYZvnT4UA9ebPuIyKiGmVQR2vqvJQ4qxiXuXLPDxIxV08tDcPM57j+fN1bWRMaZLmg50ucoQ==",
      "license": "MIT",
      "dependencies": {
        "@svar-ui/core-locales": "2.6.0",
        "@svar-ui/lib-dom": "0.13.1",
        "@svar-ui/lib-react": "1.2.2"
      },
      "peerDependencies": {
        "react": ">=18",
        "react-dom": ">=18"
      }
    },
    "node_modules/@svar-ui/react-core/node_modules/@svar-ui/lib-react": {
      "version": "1.2.2",
      "resolved": "https://registry.npmjs.org/@svar-ui/lib-react/-/lib-react-1.2.2.tgz",
      "integrity": "sha512-bB+Vou2NM0JhMuFW03MsjjoV5Y3xcFfuuK48+7uzUC9Ui1oSWpCK+txOZ+dnUFJISSVjSsXuF34AzMw/2CA63w==",
      "license": "MIT",
      "dependencies": {
        "@svar-ui/lib-dom": "^0.11.1"
      }
    },
    "node_modules/@svar-ui/react-core/node_modules/@svar-ui/lib-react/node_modules/@svar-ui/lib-dom": {
      "version": "0.11.1",
      "resolved": "https://registry.npmjs.org/@svar-ui/lib-dom/-/lib-dom-0.11.1.tgz",
      "integrity": "sha512-4wgerhDVttvrQ9t6OjHur34Of+VVr2VygA16HHGcWHytgdnOuGgfZb5PeBEhCJw/pO3RKfJvBHbaMIzL4IR//g==",
      "license": "MIT"
    },
    "node_modules/@svar-ui/react-editor": {
      "version": "2.6.0",
      "resolved": "https://registry.npmjs.org/@svar-ui/react-editor/-/react-editor-2.6.0.tgz",
      "integrity": "sha512-pSx2bIPOjdJJAkaypeogXNCLblBHbk1/wRB6WV8tQEGbZUhhSYBL+h+T9LlUeUA7PH2DCS4NSak1WPzTy3PN0g==",
      "license": "MIT",
      "dependencies": {
        "@svar-ui/editor-locales": "2.6.0",
        "@svar-ui/lib-dom": "0.13.1",
        "@svar-ui/lib-state": "1.9.7",
        "@svar-ui/react-comments": "2.6.0",
        "@svar-ui/react-core": "2.6.0",
        "@svar-ui/react-tasklist": "2.6.0",
        "@svar-ui/react-toolbar": "2.6.0"
      },
      "peerDependencies": {
        "react": ">=18",
        "react-dom": ">=18"
      }
    },
    "node_modules/@svar-ui/react-filemanager": {
      "version": "2.6.0",
      "resolved": "https://registry.npmjs.org/@svar-ui/react-filemanager/-/react-filemanager-2.6.0.tgz",
      "integrity": "sha512-1wCRpeRK8+q7y94N9J6TganH6VQG3hd2ySdwDrwc5zbKmNUdC1f/U2fHn0/8SewWJZz0HH99vw/63o7eggSSEg==",
      "license": "MIT",
      "dependencies": {
        "@svar-ui/filemanager-data-provider": "2.6.0",
        "@svar-ui/filemanager-locales": "2.6.0",
        "@svar-ui/filemanager-store": "2.6.0",
        "@svar-ui/lib-dom": "0.13.1",
        "@svar-ui/lib-react": "1.3.0",
        "@svar-ui/lib-state": "1.9.7",
        "@svar-ui/react-core": "2.6.0",
        "@svar-ui/react-grid": "2.7.0",
        "@svar-ui/react-menu": "2.6.0",
        "@svar-ui/react-uploader": "2.6.0"
      },
      "peerDependencies": {
        "react": ">=18",
        "react-dom": ">=18"
      }
    },
    "node_modules/@svar-ui/react-filter": {
      "version": "2.6.0",
      "resolved": "https://registry.npmjs.org/@svar-ui/react-filter/-/react-filter-2.6.0.tgz",
      "integrity": "sha512-E4PlRzA9KoW4DmB7XDZ8uAwJHNYP2rwUq/H2KFnUKZZ4j3U4JuTvvho6lk8NbRZonIu4S5Jqj50YLUT4N1vhBw==",
      "license": "MIT",
      "dependencies": {
        "@svar-ui/filter-locales": "2.6.0",
        "@svar-ui/filter-store": "2.6.0",
        "@svar-ui/lib-dom": "0.13.1",
        "@svar-ui/lib-react": "1.3.0",
        "@svar-ui/lib-state": "1.9.7",
        "@svar-ui/react-core": "2.6.0",
        "@svar-ui/react-menu": "2.6.0"
      },
      "peerDependencies": {
        "react": ">=18",
        "react-dom": ">=18"
      }
    },
    "node_modules/@svar-ui/react-grid": {
      "version": "2.7.0",
      "resolved": "https://registry.npmjs.org/@svar-ui/react-grid/-/react-grid-2.7.0.tgz",
      "integrity": "sha512-JUWPlM5gtW3xe7qVoiT16f1/NusRSSBga5or5N43IzxwbDRBRkqBs2GNzV8lTpJwjpVK+5wUtA0OhYPiia551w==",
      "license": "MIT",
      "dependencies": {
        "@svar-ui/grid-data-provider": "2.7.0",
        "@svar-ui/grid-locales": "2.7.0",
        "@svar-ui/grid-store": "2.7.0",
        "@svar-ui/lib-dom": "0.13.1",
        "@svar-ui/lib-react": "1.3.0",
        "@svar-ui/lib-state": "1.9.7",
        "@svar-ui/react-core": "2.6.0",
        "@svar-ui/react-editor": "2.6.0",
        "@svar-ui/react-filter": "2.6.0",
        "@svar-ui/react-menu": "2.6.0"
      },
      "peerDependencies": {
        "react": ">=18",
        "react-dom": ">=18"
      }
    },
    "node_modules/@svar-ui/react-menu": {
      "version": "2.6.0",
      "resolved": "https://registry.npmjs.org/@svar-ui/react-menu/-/react-menu-2.6.0.tgz",
      "integrity": "sha512-2Z95S2gzqgxWEAXw8AMMkZ/NITLseXH+7lgdyT23E1/RYMOQhjOdjl3GBeIBHWpN8UUFGtd63ULZrwA8cMViSQ==",
      "license": "MIT",
      "dependencies": {
        "@svar-ui/core-locales": "2.6.0",
        "@svar-ui/lib-dom": "0.13.1",
        "@svar-ui/react-core": "2.6.0"
      },
      "peerDependencies": {
        "react": ">=18",
        "react-dom": ">=18"
      }
    },
    "node_modules/@svar-ui/react-tasklist": {
      "version": "2.6.0",
      "resolved": "https://registry.npmjs.org/@svar-ui/react-tasklist/-/react-tasklist-2.6.0.tgz",
      "integrity": "sha512-oIU1wpT2kZujZkPjin2GQVnb1+5EYQp7flO8LsOf+R8043WHucUGtnJn4bmrRDujjklWZa+ySXEhfrGYj7vu5A==",
      "license": "MIT",
      "dependencies": {
        "@svar-ui/lib-data-provider": "1.7.1",
        "@svar-ui/lib-dom": "0.13.1",
        "@svar-ui/lib-state": "1.9.7",
        "@svar-ui/react-core": "2.6.0",
        "@svar-ui/tasklist-locales": "2.6.0"
      },
      "peerDependencies": {
        "react": ">=18",
        "react-dom": ">=18"
      }
    },
    "node_modules/@svar-ui/react-toolbar": {
      "version": "2.6.0",
      "resolved": "https://registry.npmjs.org/@svar-ui/react-toolbar/-/react-toolbar-2.6.0.tgz",
      "integrity": "sha512-Jt4fg5OifGub6claWKwJTx2jBTBRIwpEXvSUQ5h/PVG6IGQpeyJgaqbPHsILw3oM/QZkdax8nxOZ+RoI2efEsQ==",
      "license": "MIT",
      "dependencies": {
        "@svar-ui/core-locales": "2.6.0",
        "@svar-ui/lib-dom": "0.13.1",
        "@svar-ui/react-core": "2.6.0"
      },
      "peerDependencies": {
        "react": ">=18",
        "react-dom": ">=18"
      }
    },
    "node_modules/@svar-ui/react-uploader": {
      "version": "2.6.0",
      "resolved": "https://registry.npmjs.org/@svar-ui/react-uploader/-/react-uploader-2.6.0.tgz",
      "integrity": "sha512-UJIeXKIyvukZDZKmre9abxRW4XPS1XYNzr3FwViTkp71aCoSSYKy7KuxKIgyz3I9ZutO+8XKe6I9M5DkXXh2UQ==",
      "license": "MIT",
      "dependencies": {
        "@svar-ui/core-locales": "2.6.0",
        "@svar-ui/lib-dom": "0.13.1",
        "@svar-ui/react-core": "2.6.0",
        "@svar-ui/uploader-locales": "2.5.3"
      },
      "peerDependencies": {
        "react": ">=18",
        "react-dom": ">=18"
      }
    },
    "node_modules/@svar-ui/tasklist-locales": {
      "version": "2.6.0",
      "resolved": "https://registry.npmjs.org/@svar-ui/tasklist-locales/-/tasklist-locales-2.6.0.tgz",
      "integrity": "sha512-0VxhXVJJPFrfWiyLin5QrdRbp/9ESK74S3y7vmTmha17hLnI9kiz7+CNT4K4B98mSyS2KzD2BrPej5bhsZ7f8w==",
      "license": "MIT"
    },
    "node_modules/@svar-ui/uploader-locales": {
      "version": "2.5.3",
      "resolved": "https://registry.npmjs.org/@svar-ui/uploader-locales/-/uploader-locales-2.5.3.tgz",
      "integrity": "sha512-PvYQj/vyp9BEDtBuT1v2pVLUiffcDrhaobOFqQ5Q0qhfSCm3Xb3EW0vDlbomQMowwa+zF4+B35B2FNg6+K79XA==",
      "license": "MIT"
    },
    "node_modules/react": {
      "version": "19.2.8",
      "resolved": "https://registry.npmjs.org/react/-/react-19.2.8.tgz",
      "integrity": "sha512-PWaYA1L/q9u2u7xYQi+Y3L3Yfnie7XyLeaJICV1MGD6LprsBxcAqGjYyr0eY3p+QdsA+x/Irkt4Qif8D63+Sbw==",
      "license": "MIT",
      "peer": true,
      "engines": {
        "node": ">=0.10.0"
      }
    },
    "node_modules/react-dom": {
      "version": "19.2.8",
      "resolved": "https://registry.npmjs.org/react-dom/-/react-dom-19.2.8.tgz",
      "integrity": "sha512-rVprimfGBG3DR+Tq0IQG2DT5PxKth1WIGDmj5yPmlzr4YBe7uyE+Du4oVqTDXZSHGGGXRtTJEGSSePyQCMBglQ==",
      "license": "MIT",
      "peer": true,
      "dependencies": {
        "scheduler": "^0.27.0"
      },
      "peerDependencies": {
        "react": "^19.2.8"
      }
    },
    "node_modules/scheduler": {
      "version": "0.27.0",
      "resolved": "https://registry.npmjs.org/scheduler/-/scheduler-0.27.0.tgz",
      "integrity": "sha512-eNv+WrVbKu1f3vbYJT/xtiF5syA5HPIMtf9IgY/nKg0sWqzAUEvqY/xm7OcZc/qafLx/iO9FgOmeSAp4v5ti/Q==",
      "license": "MIT",
      "peer": true
    }
  },
  "dependencies": {
    "@svar-ui/comments-locales": {
      "version": "2.6.0",
      "resolved": "https://registry.npmjs.org/@svar-ui/comments-locales/-/comments-locales-2.6.0.tgz",
      "integrity": "sha512-ctpmaE0BN2sXRc9MuCMzIut/2Piudnsxno7RoadJ8uIe3bZGRRSZfDW+kJ5pWgYmgdofLlWawTr3PCNjxt7R3w=="
    },
    "@svar-ui/core-locales": {
      "version": "2.6.0",
      "resolved": "https://registry.npmjs.org/@svar-ui/core-locales/-/core-locales-2.6.0.tgz",
      "integrity": "sha512-Sma/BkR3we76Ix/67NmSh511yvtKVpi8LFK06ZbWSiC3xEsCSoKsJ5AtLmi8dxaXPa5HuCWI/jMwJsKRwQ0F2Q=="
    },
    "@svar-ui/editor-locales": {
      "version": "2.6.0",
      "resolved": "https://registry.npmjs.org/@svar-ui/editor-locales/-/editor-locales-2.6.0.tgz",
      "integrity": "sha512-xgLLHMi1rvIor+X9u3JChNEkjztZZxpwfpsUocUBIZ07jKqu+h0a/4Vqyue9ZMq3gIq2oyo+HP5Q9Ydb44CrqQ=="
    },
    "@svar-ui/filemanager-data-provider": {
      "version": "2.6.0",
      "resolved": "https://registry.npmjs.org/@svar-ui/filemanager-data-provider/-/filemanager-data-provider-2.6.0.tgz",
      "integrity": "sha512-H0cVpLblqPItF4zLmk1ZetTT7TDvE+sl2TVlQC3Wm3PzZrq32aSYfMDEoqliUWHaBRP2Lt1klSX9rPQGV2k8Sw==",
      "requires": {
        "@svar-ui/lib-data-provider": "1.7.1"
      }
    },
    "@svar-ui/filemanager-locales": {
      "version": "2.6.0",
      "resolved": "https://registry.npmjs.org/@svar-ui/filemanager-locales/-/filemanager-locales-2.6.0.tgz",
      "integrity": "sha512-+gZPuAP2NUm3G/JPSCpd1pSS+VuFgSC1nu908xKk2KnwrU+NxIVUDvydMs0+P03AQPjcq0+ou3qwqK3OvrigSg=="
    },
    "@svar-ui/filemanager-store": {
      "version": "2.6.0",
      "resolved": "https://registry.npmjs.org/@svar-ui/filemanager-store/-/filemanager-store-2.6.0.tgz",
      "integrity": "sha512-59fbDTpHDr7DzgXCTw+2aLLkVXR8Yg8Y5nMUImkuNf0ekD5eb0vfthwH8I2FqqhW3bupGfgGEFscRWTupBNq4w==",
      "requires": {
        "@svar-ui/lib-state": "1.9.7"
      }
    },
    "@svar-ui/filter-locales": {
      "version": "2.6.0",
      "resolved": "https://registry.npmjs.org/@svar-ui/filter-locales/-/filter-locales-2.6.0.tgz",
      "integrity": "sha512-EQAadVLtpCMjch38T+EcgkX8GXt72MwT04DOSL0G4ZG2roTzgOEKsUV53tfZFiFyamUFnQRY2Hs9IEZApfHzLQ=="
    },
    "@svar-ui/filter-store": {
      "version": "2.6.0",
      "resolved": "https://registry.npmjs.org/@svar-ui/filter-store/-/filter-store-2.6.0.tgz",
      "integrity": "sha512-IJzSTMSCyFDP5uF3ZskJODqeXQSn2v8bj8LCHEeCYv8lSVAWXis6iJ8ZBusf95OtV+omO5jpTe6ugZYZpaFTrA==",
      "requires": {
        "@svar-ui/lib-state": "1.9.6"
      },
      "dependencies": {
        "@svar-ui/lib-state": {
          "version": "1.9.6",
          "resolved": "https://registry.npmjs.org/@svar-ui/lib-state/-/lib-state-1.9.6.tgz",
          "integrity": "sha512-twoHa8wZvzdxtES68s6Wnp4Xi1WivScNaFFK6sJ6WDgqVYOzJw0ZhVVrdwHQgieLITTKl/DYh/U3nuqtMetKYw=="
        }
      }
    },
    "@svar-ui/grid-data-provider": {
      "version": "2.7.0",
      "resolved": "https://registry.npmjs.org/@svar-ui/grid-data-provider/-/grid-data-provider-2.7.0.tgz",
      "integrity": "sha512-bLhxYwGVjWnC3NbvGeYoOJ3Kv7/qhbEIJeXZhwGQZLYEYUaYrkgmz2pCVmzSt2EfPLG4YlUMf3y+Afz0EoE86g==",
      "requires": {
        "@svar-ui/lib-data-provider": "1.7.2"
      },
      "dependencies": {
        "@svar-ui/lib-data-provider": {
          "version": "1.7.2",
          "resolved": "https://registry.npmjs.org/@svar-ui/lib-data-provider/-/lib-data-provider-1.7.2.tgz",
          "integrity": "sha512-Od93Iiy0vBwVzgJm25WdizH3d4Xlli/HAA2kqoUj1pzeZ2SWBeFzvE59iihQz8NuIlfAtQJ6MMe168458T+2lQ==",
          "requires": {
            "@svar-ui/lib-state": "1.9.6"
          }
        },
        "@svar-ui/lib-state": {
          "version": "1.9.6",
          "resolved": "https://registry.npmjs.org/@svar-ui/lib-state/-/lib-state-1.9.6.tgz",
          "integrity": "sha512-twoHa8wZvzdxtES68s6Wnp4Xi1WivScNaFFK6sJ6WDgqVYOzJw0ZhVVrdwHQgieLITTKl/DYh/U3nuqtMetKYw=="
        }
      }
    },
    "@svar-ui/grid-locales": {
      "version": "2.7.0",
      "resolved": "https://registry.npmjs.org/@svar-ui/grid-locales/-/grid-locales-2.7.0.tgz",
      "integrity": "sha512-/y4aR6CEbIAsV2YTeLRPfGXTIKYBWqrKc485LN2xkT6jPilT5i1QST1BRn+S2ANC9p83MXCNVLJxAoR+3glsBw=="
    },
    "@svar-ui/grid-store": {
      "version": "2.7.0",
      "resolved": "https://registry.npmjs.org/@svar-ui/grid-store/-/grid-store-2.7.0.tgz",
      "integrity": "sha512-m23KKQPuEyDfXiD+nLe7LCGX2+zRhbGUxIUzjAnInqhtjAM0HyhWsQpuZzzXhSdUyFYje5haStffUoK6rrpq6Q==",
      "requires": {
        "@svar-ui/lib-dom": "0.12.1",
        "@svar-ui/lib-state": "1.9.6"
      },
      "dependencies": {
        "@svar-ui/lib-dom": {
          "version": "0.12.1",
          "resolved": "https://registry.npmjs.org/@svar-ui/lib-dom/-/lib-dom-0.12.1.tgz",
          "integrity": "sha512-srvDleQqR6stBBDijCgzDHMFTTffI6sv3XCpNPKmurrnE83L1MDNqezqg6j3+0dUVPd4AAEGOez2DvK6byblTQ=="
        },
        "@svar-ui/lib-state": {
          "version": "1.9.6",
          "resolved": "https://registry.npmjs.org/@svar-ui/lib-state/-/lib-state-1.9.6.tgz",
          "integrity": "sha512-twoHa8wZvzdxtES68s6Wnp4Xi1WivScNaFFK6sJ6WDgqVYOzJw0ZhVVrdwHQgieLITTKl/DYh/U3nuqtMetKYw=="
        }
      }
    },
    "@svar-ui/lib-data-provider": {
      "version": "1.7.1",
      "resolved": "https://registry.npmjs.org/@svar-ui/lib-data-provider/-/lib-data-provider-1.7.1.tgz",
      "integrity": "sha512-5Bi9ywngcMTKpGtan0s7q8ivd84Bp0ZnRP+5bLZg6oiRB7YMyN5D5X+apc3CWDAnG4zZn3en4YwS2qc/aHIIuQ==",
      "requires": {
        "@svar-ui/lib-state": "1.9.6"
      },
      "dependencies": {
        "@svar-ui/lib-state": {
          "version": "1.9.6",
          "resolved": "https://registry.npmjs.org/@svar-ui/lib-state/-/lib-state-1.9.6.tgz",
          "integrity": "sha512-twoHa8wZvzdxtES68s6Wnp4Xi1WivScNaFFK6sJ6WDgqVYOzJw0ZhVVrdwHQgieLITTKl/DYh/U3nuqtMetKYw=="
        }
      }
    },
    "@svar-ui/lib-dom": {
      "version": "0.13.1",
      "resolved": "https://registry.npmjs.org/@svar-ui/lib-dom/-/lib-dom-0.13.1.tgz",
      "integrity": "sha512-e9+RIEkppVkAUJqfHEr7KmiVXi3uf+qddr513h5mhgSx3PNYtG9eHwtI8OQf4JMc6Hvuu3y0iv+fL6jqE340yw=="
    },
    "@svar-ui/lib-react": {
      "version": "1.3.0",
      "resolved": "https://registry.npmjs.org/@svar-ui/lib-react/-/lib-react-1.3.0.tgz",
      "integrity": "sha512-jVcREYAMAXOhZB/lbMmLteGKIZoUW3rzmoXCMcFLGcHIGUH7AjFrKOAG/SJvgV0grcG9XyuRTG3jp++6NIGtuw==",
      "requires": {
        "@svar-ui/lib-dom": "^0.12.1"
      },
      "dependencies": {
        "@svar-ui/lib-dom": {
          "version": "0.12.2",
          "resolved": "https://registry.npmjs.org/@svar-ui/lib-dom/-/lib-dom-0.12.2.tgz",
          "integrity": "sha512-tV9sJ7Xpedxf1dttTc8I190eqlP0UsassUw48uW3JuEQR0G3IRfmH53/X+mYEooc7bcpZDkzYukWEqJeEq9UlQ=="
        }
      }
    },
    "@svar-ui/lib-state": {
      "version": "1.9.7",
      "resolved": "https://registry.npmjs.org/@svar-ui/lib-state/-/lib-state-1.9.7.tgz",
      "integrity": "sha512-nxRdk+54m1RJjGT2yDH7NjxAM5KECxA39kdTZezEIj1ixykyefssB9BrgxKy2jIseYxJMtd6lPZvQ3SZXuvn2g=="
    },
    "@svar-ui/react-comments": {
      "version": "2.6.0",
      "resolved": "https://registry.npmjs.org/@svar-ui/react-comments/-/react-comments-2.6.0.tgz",
      "integrity": "sha512-58V9iqxC3RtRB4M37B9EE4c0RdZJ/VW5uA4yIIbuctdHOLbRDhp0WsVwBhQSMF16VXbxwDY5LL3v32TkPWRyZA==",
      "requires": {
        "@svar-ui/comments-locales": "2.6.0",
        "@svar-ui/core-locales": "2.6.0",
        "@svar-ui/lib-data-provider": "1.7.1",
        "@svar-ui/lib-dom": "0.13.1",
        "@svar-ui/lib-state": "1.9.7",
        "@svar-ui/react-core": "2.6.0",
        "@svar-ui/react-menu": "2.6.0"
      }
    },
    "@svar-ui/react-core": {
      "version": "2.6.0",
      "resolved": "https://registry.npmjs.org/@svar-ui/react-core/-/react-core-2.6.0.tgz",
      "integrity": "sha512-9y3SfwZjGDgMxfJYZvnT4UA9ebPuIyKiGmVQR2vqvJQ4qxiXuXLPDxIxV08tDcPM57j+fN1bWRMaZLmg50ucoQ==",
      "requires": {
        "@svar-ui/core-locales": "2.6.0",
        "@svar-ui/lib-dom": "0.13.1",
        "@svar-ui/lib-react": "1.2.2"
      },
      "dependencies": {
        "@svar-ui/lib-react": {
          "version": "1.2.2",
          "resolved": "https://registry.npmjs.org/@svar-ui/lib-react/-/lib-react-1.2.2.tgz",
          "integrity": "sha512-bB+Vou2NM0JhMuFW03MsjjoV5Y3xcFfuuK48+7uzUC9Ui1oSWpCK+txOZ+dnUFJISSVjSsXuF34AzMw/2CA63w==",
          "requires": {
            "@svar-ui/lib-dom": "^0.11.1"
          },
          "dependencies": {
            "@svar-ui/lib-dom": {
              "version": "0.11.1",
              "resolved": "https://registry.npmjs.org/@svar-ui/lib-dom/-/lib-dom-0.11.1.tgz",
              "integrity": "sha512-4wgerhDVttvrQ9t6OjHur34Of+VVr2VygA16HHGcWHytgdnOuGgfZb5PeBEhCJw/pO3RKfJvBHbaMIzL4IR//g=="
            }
          }
        }
      }
    },
    "@svar-ui/react-editor": {
      "version": "2.6.0",
      "resolved": "https://registry.npmjs.org/@svar-ui/react-editor/-/react-editor-2.6.0.tgz",
      "integrity": "sha512-pSx2bIPOjdJJAkaypeogXNCLblBHbk1/wRB6WV8tQEGbZUhhSYBL+h+T9LlUeUA7PH2DCS4NSak1WPzTy3PN0g==",
      "requires": {
        "@svar-ui/editor-locales": "2.6.0",
        "@svar-ui/lib-dom": "0.13.1",
        "@svar-ui/lib-state": "1.9.7",
        "@svar-ui/react-comments": "2.6.0",
        "@svar-ui/react-core": "2.6.0",
        "@svar-ui/react-tasklist": "2.6.0",
        "@svar-ui/react-toolbar": "2.6.0"
      }
    },
    "@svar-ui/react-filemanager": {
      "version": "2.6.0",
      "resolved": "https://registry.npmjs.org/@svar-ui/react-filemanager/-/react-filemanager-2.6.0.tgz",
      "integrity": "sha512-1wCRpeRK8+q7y94N9J6TganH6VQG3hd2ySdwDrwc5zbKmNUdC1f/U2fHn0/8SewWJZz0HH99vw/63o7eggSSEg==",
      "requires": {
        "@svar-ui/filemanager-data-provider": "2.6.0",
        "@svar-ui/filemanager-locales": "2.6.0",
        "@svar-ui/filemanager-store": "2.6.0",
        "@svar-ui/lib-dom": "0.13.1",
        "@svar-ui/lib-react": "1.3.0",
        "@svar-ui/lib-state": "1.9.7",
        "@svar-ui/react-core": "2.6.0",
        "@svar-ui/react-grid": "2.7.0",
        "@svar-ui/react-menu": "2.6.0",
        "@svar-ui/react-uploader": "2.6.0"
      }
    },
    "@svar-ui/react-filter": {
      "version": "2.6.0",
      "resolved": "https://registry.npmjs.org/@svar-ui/react-filter/-/react-filter-2.6.0.tgz",
      "integrity": "sha512-E4PlRzA9KoW4DmB7XDZ8uAwJHNYP2rwUq/H2KFnUKZZ4j3U4JuTvvho6lk8NbRZonIu4S5Jqj50YLUT4N1vhBw==",
      "requires": {
        "@svar-ui/filter-locales": "2.6.0",
        "@svar-ui/filter-store": "2.6.0",
        "@svar-ui/lib-dom": "0.13.1",
        "@svar-ui/lib-react": "1.3.0",
        "@svar-ui/lib-state": "1.9.7",
        "@svar-ui/react-core": "2.6.0",
        "@svar-ui/react-menu": "2.6.0"
      }
    },
    "@svar-ui/react-grid": {
      "version": "2.7.0",
      "resolved": "https://registry.npmjs.org/@svar-ui/react-grid/-/react-grid-2.7.0.tgz",
      "integrity": "sha512-JUWPlM5gtW3xe7qVoiT16f1/NusRSSBga5or5N43IzxwbDRBRkqBs2GNzV8lTpJwjpVK+5wUtA0OhYPiia551w==",
      "requires": {
        "@svar-ui/grid-data-provider": "2.7.0",
        "@svar-ui/grid-locales": "2.7.0",
        "@svar-ui/grid-store": "2.7.0",
        "@svar-ui/lib-dom": "0.13.1",
        "@svar-ui/lib-react": "1.3.0",
        "@svar-ui/lib-state": "1.9.7",
        "@svar-ui/react-core": "2.6.0",
        "@svar-ui/react-editor": "2.6.0",
        "@svar-ui/react-filter": "2.6.0",
        "@svar-ui/react-menu": "2.6.0"
      }
    },
    "@svar-ui/react-menu": {
      "version": "2.6.0",
      "resolved": "https://registry.npmjs.org/@svar-ui/react-menu/-/react-menu-2.6.0.tgz",
      "integrity": "sha512-2Z95S2gzqgxWEAXw8AMMkZ/NITLseXH+7lgdyT23E1/RYMOQhjOdjl3GBeIBHWpN8UUFGtd63ULZrwA8cMViSQ==",
      "requires": {
        "@svar-ui/core-locales": "2.6.0",
        "@svar-ui/lib-dom": "0.13.1",
        "@svar-ui/react-core": "2.6.0"
      }
    },
    "@svar-ui/react-tasklist": {
      "version": "2.6.0",
      "resolved": "https://registry.npmjs.org/@svar-ui/react-tasklist/-/react-tasklist-2.6.0.tgz",
      "integrity": "sha512-oIU1wpT2kZujZkPjin2GQVnb1+5EYQp7flO8LsOf+R8043WHucUGtnJn4bmrRDujjklWZa+ySXEhfrGYj7vu5A==",
      "requires": {
        "@svar-ui/lib-data-provider": "1.7.1",
        "@svar-ui/lib-dom": "0.13.1",
        "@svar-ui/lib-state": "1.9.7",
        "@svar-ui/react-core": "2.6.0",
        "@svar-ui/tasklist-locales": "2.6.0"
      }
    },
    "@svar-ui/react-toolbar": {
      "version": "2.6.0",
      "resolved": "https://registry.npmjs.org/@svar-ui/react-toolbar/-/react-toolbar-2.6.0.tgz",
      "integrity": "sha512-Jt4fg5OifGub6claWKwJTx2jBTBRIwpEXvSUQ5h/PVG6IGQpeyJgaqbPHsILw3oM/QZkdax8nxOZ+RoI2efEsQ==",
      "requires": {
        "@svar-ui/core-locales": "2.6.0",
        "@svar-ui/lib-dom": "0.13.1",
        "@svar-ui/react-core": "2.6.0"
      }
    },
    "@svar-ui/react-uploader": {
      "version": "2.6.0",
      "resolved": "https://registry.npmjs.org/@svar-ui/react-uploader/-/react-uploader-2.6.0.tgz",
      "integrity": "sha512-UJIeXKIyvukZDZKmre9abxRW4XPS1XYNzr3FwViTkp71aCoSSYKy7KuxKIgyz3I9ZutO+8XKe6I9M5DkXXh2UQ==",
      "requires": {
        "@svar-ui/core-locales": "2.6.0",
        "@svar-ui/lib-dom": "0.13.1",
        "@svar-ui/react-core": "2.6.0",
        "@svar-ui/uploader-locales": "2.5.3"
      }
    },
    "@svar-ui/tasklist-locales": {
      "version": "2.6.0",
      "resolved": "https://registry.npmjs.org/@svar-ui/tasklist-locales/-/tasklist-locales-2.6.0.tgz",
      "integrity": "sha512-0VxhXVJJPFrfWiyLin5QrdRbp/9ESK74S3y7vmTmha17hLnI9kiz7+CNT4K4B98mSyS2KzD2BrPej5bhsZ7f8w=="
    },
    "@svar-ui/uploader-locales": {
      "version": "2.5.3",
      "resolved": "https://registry.npmjs.org/@svar-ui/uploader-locales/-/uploader-locales-2.5.3.tgz",
      "integrity": "sha512-PvYQj/vyp9BEDtBuT1v2pVLUiffcDrhaobOFqQ5Q0qhfSCm3Xb3EW0vDlbomQMowwa+zF4+B35B2FNg6+K79XA=="
    },
    "react": {
      "version": "19.2.8",
      "resolved": "https://registry.npmjs.org/react/-/react-19.2.8.tgz",
      "integrity": "sha512-PWaYA1L/q9u2u7xYQi+Y3L3Yfnie7XyLeaJICV1MGD6LprsBxcAqGjYyr0eY3p+QdsA+x/Irkt4Qif8D63+Sbw==",
      "peer": true
    },
    "react-dom": {
      "version": "19.2.8",
      "resolved": "https://registry.npmjs.org/react-dom/-/react-dom-19.2.8.tgz",
      "integrity": "sha512-rVprimfGBG3DR+Tq0IQG2DT5PxKth1WIGDmj5yPmlzr4YBe7uyE+Du4oVqTDXZSHGGGXRtTJEGSSePyQCMBglQ==",
      "peer": true,
      "requires": {
        "scheduler": "^0.27.0"
      }
    },
    "scheduler": {
      "version": "0.27.0",
      "resolved": "https://registry.npmjs.org/scheduler/-/scheduler-0.27.0.tgz",
      "integrity": "sha512-eNv+WrVbKu1f3vbYJT/xtiF5syA5HPIMtf9IgY/nKg0sWqzAUEvqY/xm7OcZc/qafLx/iO9FgOmeSAp4v5ti/Q==",
      "peer": true
    }
  }
}
